
Microsoft Visual Studio Solution File, Format Version 12.00
# Visual Studio 15
VisualStudioVersion = 15.0.28010.2046
MinimumVisualStudioVersion = 10.0.40219.1
Project("{FAE04EC0-301F-11D3-BF4B-00C04F79EFBC}") = "IpLocation", "IpLocation\IpLocation.csproj", "{85CA7503-0F3D-4EFB-8041-949E8FDE1A64}"
EndProject
Global
	GlobalSection(SolutionConfigurationPlatforms) = preSolution
		Debug|Any CPU = Debug|Any CPU
		Release|Any CPU = Release|Any CPU
	EndGlobalSection
	GlobalSection(ProjectConfigurationPlatforms) = postSolution
		{85CA7503-0F3D-4EFB-8041-949E8FDE1A64}.Debug|Any CPU.ActiveCfg = Debug|Any CPU
		{85CA7503-0F3D-4EFB-8041-949E8FDE1A64}.Debug|Any CPU.Build.0 = Debug|Any CPU
		{85CA7503-0F3D-4EFB-8041-949E8FDE1A64}.Release|Any CPU.ActiveCfg = Release|Any CPU
		{85CA7503-0F3D-4EFB-8041-949E8FDE1A64}.Release|Any CPU.Build.0 = Release|Any CPU
	EndGlobalSection
	GlobalSection(SolutionProperties) = preSolution
		HideSolutionNode = FALSE
	EndGlobalSection
	GlobalSection(ExtensibilityGlobals) = postSolution
		SolutionGuid = {7DF64F91-AB5D-448D-ACEF-C501FAE80F7D}
	EndGlobalSection
EndGlobal
